Microsoft Visual Studio Solution File, Format Version 12.00
# Visual Studio Version 17
VisualStudioVersion = 17.0.32112.339
MinimumVisualStudioVersion = 10.0.40219.1
Project("{FAE04EC0-301F-11D3-BF4B-00C04F79EFBC}") = "CharacterCam", "CharacterCam\CharacterCam.csproj", "{6F94447C-5A34-4759-A43C-215A6DE9E61B}"
EndProject
Project("{FAE04EC0-301F-11D3-BF4B-00C04F79EFBC}") = "EternalBots", "EternalBots\EternalBots.csproj", "{021003B9-D4FA-432C-97A3-35838F7CA298}"
EndProject
Project("{FAE04EC0-301F-11D3-BF4B-00C04F79EFBC}") = "FastAirlock", "FastAirlock\FastAirlock.csproj", "{52A6E010-4378-4438-A5F9-3D5C4F2ACE43}"
EndProject
Project("{FAE04EC0-301F-11D3-BF4B-00C04F79EFBC}") = "MoreColonists", "MoreColonists\MoreColonists.csproj", "{99ACDFA2-8268-4614-A77D-F81E5633BE6A}"
EndProject
Project("{FAE04EC0-301F-11D3-BF4B-00C04F79EFBC}") = "NoIntruders", "NoIntruders\NoIntruders.csproj", "{90C29248-D03F-4B5B-86B0-D520B89DB0BE}"
EndProject
Project("{FAE04EC0-301F-11D3-BF4B-00C04F79EFBC}") = "FreeBuilding", "FreeBuilding\FreeBuilding.csproj", "{566024A0-0481-4067-9ADF-7DC4B7661EB0}"
EndProject
Project("{FAE04EC0-301F-11D3-BF4B-00C04F79EFBC}") = "BetterHours", "BetterHours\BetterHours.csproj", "{F0512735-204C-4EC9-B48B-D5793B57C618}"
EndProject
Project("{FAE04EC0-301F-11D3-BF4B-00C04F79EFBC}") = "AutoAlerts", "AutoAlerts\AutoAlerts.csproj", "{E0143A72-527E-4623-B371-CC53A83E38B4}"
EndProject
Project("{FAE04EC0-301F-11D3-BF4B-00C04F79EFBC}") = "ExteriorO2Genereator", "ExteriorO2Genereator\ExteriorO2Genereator.csproj", "{BE90A61F-78E2-4196-A6C4-0B1896BBA55A}"
EndProject
Project("{FAE04EC0-301F-11D3-BF4B-00C04F79EFBC}") = "MinersIgnoreYellow", "MinersIgnoreYellow\MinersIgnoreYellow.csproj", "{3B48152E-774C-451D-A343-0A9406A54580}"
EndProject
Project("{FAE04EC0-301F-11D3-BF4B-00C04F79EFBC}") = "BetterGuards", "BetterGuards\BetterGuards.csproj", "{187BFAB8-C4B7-4E41-A0E5-80024ADA77F3}"
EndProject
Project("{FAE04EC0-301F-11D3-BF4B-00C04F79EFBC}") = "MoreSpeed", "MoreSpeed\MoreSpeed.csproj", "{0263144F-B6F2-4B18-BA97-EA2754916272}"
EndProject
Project("{FAE04EC0-301F-11D3-BF4B-00C04F79EFBC}") = "BetterAI", "BetterAI\BetterAI.csproj", "{1811783C-2853-4886-8E0B-5197D30F0BB0}"
EndProject
Project("{FAE04EC0-301F-11D3-BF4B-00C04F79EFBC}") = "FreeFurnishing", "FreeFurnishing\FreeFurnishing.csproj", "{8BADF58E-54B7-4090-8A1A-6152FB267CF6}"
EndProject
Project("{FAE04EC0-301F-11D3-BF4B-00C04F79EFBC}") = "LandingControl", "LandingControl\LandingControl.csproj", "{4EA21C07-7AA6-4D3E-AB43-2CB8E7746694}"
EndProject
Project("{FAE04EC0-301F-11D3-BF4B-00C04F79EFBC}") = "OneIsEnough", "OneIsEnough\OneIsEnough.csproj", "{C31285E4-BC3B-4745-BCFA-7C2CD05147DE}"
EndProject
Project("{FAE04EC0-301F-11D3-BF4B-00C04F79EFBC}") = "AutoDisableColonistShips", "AutoDisableColonistShips\AutoDisableColonistShips.csproj", "{6E9DC286-BC62-410F-9821-9688B2791BD2}"
EndProject
Project("{FAE04EC0-301F-11D3-BF4B-00C04F79EFBC}") = "BioReactor", "BioReactor\BioReactor.csproj", "{D5F0B474-FD08-444D-BCFD-82C107150330}"
EndProject
Project("{FAE04EC0-301F-11D3-BF4B-00C04F79EFBC}") = "PatientTraders", "PatientTraders\PatientTraders.csproj", "{43A65104-4401-476A-AC8A-896C657D24DC}"
EndProject
Project("{FAE04EC0-301F-11D3-BF4B-00C04F79EFBC}") = "TechnologyShip", "TechnologyShip\TechnologyShip.csproj", "{47BF8DB9-2C3B-4911-991D-079A71CDE2AE}"
EndProject
Project("{FAE04EC0-301F-11D3-BF4B-00C04F79EFBC}") = "TimeSpeedDisplay", "TimeSpeedDisplay\TimeSpeedDisplay.csproj", "{F4E8CDCD-7278-4453-A727-11757B956CBE}"
EndProject
Project("{FAE04EC0-301F-11D3-BF4B-00C04F79EFBC}") = "AlmostNoSpares", "AlmostNoSpares\AlmostNoSpares.csproj", "{FB2E636C-2190-4972-846A-CDF1EC0FB64A}"
EndProject
Project("{FAE04EC0-301F-11D3-BF4B-00C04F79EFBC}") = "MeteorsLeaveOres", "MeteorsLeaveOres\MeteorsLeaveOres.csproj", "{6D5E952A-CA54-4F20-B945-E7871E3A28F9}"
EndProject
Project("{FAE04EC0-301F-11D3-BF4B-00C04F79EFBC}") = "GameplayConstantChanger", "GameplayConstantChanger\GameplayConstantChanger.csproj", "{2629F166-F5F1-49E4-9B57-62544D3E6A77}"
EndProject
Project("{FAE04EC0-301F-11D3-BF4B-00C04F79EFBC}") = "StarchlessPlants", "StarchlessPlants\StarchlessPlants.csproj", "{6CC501BE-9E3E-4ECD-B237-57003ACFC363}"
EndProject
Project("{FAE04EC0-301F-11D3-BF4B-00C04F79EFBC}") = "WiderLoadMenu", "WiderLoadMenu\WiderLoadMenu.csproj", "{430C85CD-4EC4-4961-90EC-C6D1A025EBEB}"
EndProject
Project("{FAE04EC0-301F-11D3-BF4B-00C04F79EFBC}") = "WaterCredits", "WaterCredits\WaterCredits.csproj", "{FDA66BF6-02B0-4292-AB75-815BEA0C64D2}"
EndProject
Project("{FAE04EC0-301F-11D3-BF4B-00C04F79EFBC}") = "ColonistEviction", "ColonistEviction\ColonistEviction.csproj", "{98C40F17-9308-4053-8B71-AF9FE168DE04}"
EndProject
Project("{FAE04EC0-301F-11D3-BF4B-00C04F79EFBC}") = "PowerSaver", "PowerSaver\PowerSaver.csproj", "{88E06502-BBAB-42B5-B144-A1800B025F94}"
EndProject
Project("{FAE04EC0-301F-11D3-BF4B-00C04F79EFBC}") = "ColonistReports", "ColonistReport\ColonistReports.csproj", "{2EC08DF2-1D53-4EF0-B987-1EC9112CF42E}"
EndProject
Project("{FAE04EC0-301F-11D3-BF4B-00C04F79EFBC}") = "RemoveTutorialFromMenu", "RemoveTutorialFromMenu\RemoveTutorialFromMenu.csproj", "{E2D40135-FAD7-4C0D-A672-4E96758901A5}"
EndProject
Project("{FAE04EC0-301F-11D3-BF4B-00C04F79EFBC}") = "PanelsWithoutModules", "PanelsWithoutModules\PanelsWithoutModules.csproj", "{1ED5BB4C-EBE7-4EF2-8B2C-284B3742EC26}"
EndProject
Project("{FAE04EC0-301F-11D3-BF4B-00C04F79EFBC}") = "MassMineControl", "MassMineControl\MassMineControl.csproj", "{30C895A0-277C-4930-A37E-341367D5A8DA}"
EndProject
Project("{FAE04EC0-301F-11D3-BF4B-00C04F79EFBC}") = "EarthlikePlanet", "EarthlikePlanet\EarthlikePlanet.csproj", "{A9954F33-D717-4CB6-8BAE-95328D88ACB4}"
EndProject
Project("{FAE04EC0-301F-11D3-BF4B-00C04F79EFBC}") = "SmartTissueSynthesizers", "SmartTissueSynthesizers\SmartTissueSynthesizers.csproj", "{541B2B7C-3485-4510-969A-647AB246C8F6}"
EndProject
Project("{FAE04EC0-301F-11D3-BF4B-00C04F79EFBC}") = "SilientDeaths", "SilientDeaths\SilientDeaths.csproj", "{C0C9E7BD-7019-4909-B3FF-898BB9FD1939}"
EndProject
Project("{FAE04EC0-301F-11D3-BF4B-00C04F79EFBC}") = "ModulesWithTanks", "ModulesWithTanks\ModulesWithTanks.csproj", "{827B7845-1DA9-4569-A5F4-D740A76ACC0D}"
EndProject
Project("{FAE04EC0-301F-11D3-BF4B-00C04F79EFBC}") = "BetterStatsMenu", "BetterStatsMenu\BetterStatsMenu.csproj", "{DD8798E7-DDE2-41AF-AC09-B27A96FD94F1}"
EndProject
Project("{FAE04EC0-301F-11D3-BF4B-00C04F79EFBC}") = "RealisticStorage", "RealisticStorage\RealisticStorage.csproj", "{9FFCC3B7-D48C-47E7-8030-B233835EC7CE}"
EndProject
Project("{FAE04EC0-301F-11D3-BF4B-00C04F79EFBC}") = "CustomMusic", "CustomMusic\CustomMusic.csproj", "{5B3C7384-4EDA-46BC-B336-DCB2A5CE77CC}"
EndProject
Project("{FAE04EC0-301F-11D3-BF4B-00C04F79EFBC}") = "QuitToDesktop", "QuitToDesktop\QuitToDesktop.csproj", "{A245286A-509A-48C7-8649-69EB2BC635B9}"
EndProject
Project("{FAE04EC0-301F-11D3-BF4B-00C04F79EFBC}") = "SkipIntro", "SkipIntro\SkipIntro.csproj", "{41C3B3E2-E4DC-4923-AA8A-A7EE70613C76}"
EndProject
Project("{FAE04EC0-301F-11D3-BF4B-00C04F79EFBC}") = "PlanetbaseMultiplayer", "PlanetbaseMultiplayer\PlanetbaseMultiplayer.csproj", "{793E6BF8-F55B-431D-92B6-7F07F6B94DF7}"
EndProject
Project("{FAE04EC0-301F-11D3-BF4B-00C04F79EFBC}") = "Deliveries", "Deliveries\Deliveries.csproj", "{519254D3-DC9B-46A1-8CCC-714126678B70}"
EndProject
Global
	GlobalSection(SolutionConfigurationPlatforms) = preSolution
		Debug|Any CPU = Debug|Any CPU
		Release|Any CPU = Release|Any CPU
	EndGlobalSection
	GlobalSection(ProjectConfigurationPlatforms) = postSolution
		{6F94447C-5A34-4759-A43C-215A6DE9E61B}.Debug|Any CPU.ActiveCfg = Debug|Any CPU
		{6F94447C-5A34-4759-A43C-215A6DE9E61B}.Debug|Any CPU.Build.0 = Debug|Any CPU
		{6F94447C-5A34-4759-A43C-215A6DE9E61B}.Release|Any CPU.ActiveCfg = Release|Any CPU
		{6F94447C-5A34-4759-A43C-215A6DE9E61B}.Release|Any CPU.Build.0 = Release|Any CPU
		{021003B9-D4FA-432C-97A3-35838F7CA298}.Debug|Any CPU.ActiveCfg = Debug|Any CPU
		{021003B9-D4FA-432C-97A3-35838F7CA298}.Debug|Any CPU.Build.0 = Debug|Any CPU
		{021003B9-D4FA-432C-97A3-35838F7CA298}.Release|Any CPU.ActiveCfg = Release|Any CPU
		{021003B9-D4FA-432C-97A3-35838F7CA298}.Release|Any CPU.Build.0 = Release|Any CPU
		{52A6E010-4378-4438-A5F9-3D5C4F2ACE43}.Debug|Any CPU.ActiveCfg = Debug|Any CPU
		{52A6E010-4378-4438-A5F9-3D5C4F2ACE43}.Debug|Any CPU.Build.0 = Debug|Any CPU
		{52A6E010-4378-4438-A5F9-3D5C4F2ACE43}.Release|Any CPU.ActiveCfg = Release|Any CPU
		{52A6E010-4378-4438-A5F9-3D5C4F2ACE43}.Release|Any CPU.Build.0 = Release|Any CPU
		{99ACDFA2-8268-4614-A77D-F81E5633BE6A}.Debug|Any CPU.ActiveCfg = Debug|Any CPU
		{99ACDFA2-8268-4614-A77D-F81E5633BE6A}.Debug|Any CPU.Build.0 = Debug|Any CPU
		{99ACDFA2-8268-4614-A77D-F81E5633BE6A}.Release|Any CPU.ActiveCfg = Release|Any CPU
		{99ACDFA2-8268-4614-A77D-F81E5633BE6A}.Release|Any CPU.Build.0 = Release|Any CPU
		{90C29248-D03F-4B5B-86B0-D520B89DB0BE}.Debug|Any CPU.ActiveCfg = Debug|Any CPU
		{90C29248-D03F-4B5B-86B0-D520B89DB0BE}.Debug|Any CPU.Build.0 = Debug|Any CPU
		{90C29248-D03F-4B5B-86B0-D520B89DB0BE}.Release|Any CPU.ActiveCfg = Release|Any CPU
		{90C29248-D03F-4B5B-86B0-D520B89DB0BE}.Release|Any CPU.Build.0 = Release|Any CPU
		{566024A0-0481-4067-9ADF-7DC4B7661EB0}.Debug|Any CPU.ActiveCfg = Debug|Any CPU
		{566024A0-0481-4067-9ADF-7DC4B7661EB0}.Debug|Any CPU.Build.0 = Debug|Any CPU
		{566024A0-0481-4067-9ADF-7DC4B7661EB0}.Release|Any CPU.ActiveCfg = Release|Any CPU
		{566024A0-0481-4067-9ADF-7DC4B7661EB0}.Release|Any CPU.Build.0 = Release|Any CPU
		{F0512735-204C-4EC9-B48B-D5793B57C618}.Debug|Any CPU.ActiveCfg = Debug|Any CPU
		{F0512735-204C-4EC9-B48B-D5793B57C618}.Debug|Any CPU.Build.0 = Debug|Any CPU
		{F0512735-204C-4EC9-B48B-D5793B57C618}.Release|Any CPU.ActiveCfg = Release|Any CPU
		{F0512735-204C-4EC9-B48B-D5793B57C618}.Release|Any CPU.Build.0 = Release|Any CPU
		{E0143A72-527E-4623-B371-CC53A83E38B4}.Debug|Any CPU.ActiveCfg = Debug|Any CPU
		{E0143A72-527E-4623-B371-CC53A83E38B4}.Debug|Any CPU.Build.0 = Debug|Any CPU
		{E0143A72-527E-4623-B371-CC53A83E38B4}.Release|Any CPU.ActiveCfg = Release|Any CPU
		{E0143A72-527E-4623-B371-CC53A83E38B4}.Release|Any CPU.Build.0 = Release|Any CPU
		{BE90A61F-78E2-4196-A6C4-0B1896BBA55A}.Debug|Any CPU.ActiveCfg = Debug|Any CPU
		{BE90A61F-78E2-4196-A6C4-0B1896BBA55A}.Debug|Any CPU.Build.0 = Debug|Any CPU
		{BE90A61F-78E2-4196-A6C4-0B1896BBA55A}.Release|Any CPU.ActiveCfg = Release|Any CPU
		{BE90A61F-78E2-4196-A6C4-0B1896BBA55A}.Release|Any CPU.Build.0 = Release|Any CPU
		{3B48152E-774C-451D-A343-0A9406A54580}.Debug|Any CPU.ActiveCfg = Debug|Any CPU
		{3B48152E-774C-451D-A343-0A9406A54580}.Debug|Any CPU.Build.0 = Debug|Any CPU
		{3B48152E-774C-451D-A343-0A9406A54580}.Release|Any CPU.ActiveCfg = Release|Any CPU
		{3B48152E-774C-451D-A343-0A9406A54580}.Release|Any CPU.Build.0 = Release|Any CPU
		{187BFAB8-C4B7-4E41-A0E5-80024ADA77F3}.Debug|Any CPU.ActiveCfg = Debug|Any CPU
		{187BFAB8-C4B7-4E41-A0E5-80024ADA77F3}.Debug|Any CPU.Build.0 = Debug|Any CPU
		{187BFAB8-C4B7-4E41-A0E5-80024ADA77F3}.Release|Any CPU.ActiveCfg = Release|Any CPU
		{187BFAB8-C4B7-4E41-A0E5-80024ADA77F3}.Release|Any CPU.Build.0 = Release|Any CPU
		{0263144F-B6F2-4B18-BA97-EA2754916272}.Debug|Any CPU.ActiveCfg = Debug|Any CPU
		{0263144F-B6F2-4B18-BA97-EA2754916272}.Debug|Any CPU.Build.0 = Debug|Any CPU
		{0263144F-B6F2-4B18-BA97-EA2754916272}.Release|Any CPU.ActiveCfg = Release|Any CPU
		{0263144F-B6F2-4B18-BA97-EA2754916272}.Release|Any CPU.Build.0 = Release|Any CPU
		{1811783C-2853-4886-8E0B-5197D30F0BB0}.Debug|Any CPU.ActiveCfg = Debug|Any CPU
		{1811783C-2853-4886-8E0B-5197D30F0BB0}.Debug|Any CPU.Build.0 = Debug|Any CPU
		{1811783C-2853-4886-8E0B-5197D30F0BB0}.Release|Any CPU.ActiveCfg = Release|Any CPU
		{1811783C-2853-4886-8E0B-5197D30F0BB0}.Release|Any CPU.Build.0 = Release|Any CPU
		{8BADF58E-54B7-4090-8A1A-6152FB267CF6}.Debug|Any CPU.ActiveCfg = Debug|Any CPU
		{8BADF58E-54B7-4090-8A1A-6152FB267CF6}.Debug|Any CPU.Build.0 = Debug|Any CPU
		{8BADF58E-54B7-4090-8A1A-6152FB267CF6}.Release|Any CPU.ActiveCfg = Release|Any CPU
		{8BADF58E-54B7-4090-8A1A-6152FB267CF6}.Release|Any CPU.Build.0 = Release|Any CPU
		{4EA21C07-7AA6-4D3E-AB43-2CB8E7746694}.Debug|Any CPU.ActiveCfg = Debug|Any CPU
		{4EA21C07-7AA6-4D3E-AB43-2CB8E7746694}.Debug|Any CPU.Build.0 = Debug|Any CPU
		{4EA21C07-7AA6-4D3E-AB43-2CB8E7746694}.Release|Any CPU.ActiveCfg = Release|Any CPU
		{4EA21C07-7AA6-4D3E-AB43-2CB8E7746694}.Release|Any CPU.Build.0 = Release|Any CPU
		{C31285E4-BC3B-4745-BCFA-7C2CD05147DE}.Debug|Any CPU.ActiveCfg = Debug|Any CPU
		{C31285E4-BC3B-4745-BCFA-7C2CD05147DE}.Debug|Any CPU.Build.0 = Debug|Any CPU
		{C31285E4-BC3B-4745-BCFA-7C2CD05147DE}.Release|Any CPU.ActiveCfg = Release|Any CPU
		{C31285E4-BC3B-4745-BCFA-7C2CD05147DE}.Release|Any CPU.Build.0 = Release|Any CPU
		{6E9DC286-BC62-410F-9821-9688B2791BD2}.Debug|Any CPU.ActiveCfg = Debug|Any CPU
		{6E9DC286-BC62-410F-9821-9688B2791BD2}.Debug|Any CPU.Build.0 = Debug|Any CPU
		{6E9DC286-BC62-410F-9821-9688B2791BD2}.Release|Any CPU.ActiveCfg = Release|Any CPU
		{6E9DC286-BC62-410F-9821-9688B2791BD2}.Release|Any CPU.Build.0 = Release|Any CPU
		{D5F0B474-FD08-444D-BCFD-82C107150330}.Debug|Any CPU.ActiveCfg = Debug|Any CPU
		{D5F0B474-FD08-444D-BCFD-82C107150330}.Debug|Any CPU.Build.0 = Debug|Any CPU
		{D5F0B474-FD08-444D-BCFD-82C107150330}.Release|Any CPU.ActiveCfg = Release|Any CPU
		{D5F0B474-FD08-444D-BCFD-82C107150330}.Release|Any CPU.Build.0 = Release|Any CPU
		{43A65104-4401-476A-AC8A-896C657D24DC}.Debug|Any CPU.ActiveCfg = Debug|Any CPU
		{43A65104-4401-476A-AC8A-896C657D24DC}.Debug|Any CPU.Build.0 = Debug|Any CPU
		{43A65104-4401-476A-AC8A-896C657D24DC}.Release|Any CPU.ActiveCfg = Release|Any CPU
		{43A65104-4401-476A-AC8A-896C657D24DC}.Release|Any CPU.Build.0 = Release|Any CPU
		{47BF8DB9-2C3B-4911-991D-079A71CDE2AE}.Debug|Any CPU.ActiveCfg = Debug|Any CPU
		{47BF8DB9-2C3B-4911-991D-079A71CDE2AE}.Debug|Any CPU.Build.0 = Debug|Any CPU
		{47BF8DB9-2C3B-4911-991D-079A71CDE2AE}.Release|Any CPU.ActiveCfg = Release|Any CPU
		{47BF8DB9-2C3B-4911-991D-079A71CDE2AE}.Release|Any CPU.Build.0 = Release|Any CPU
		{F4E8CDCD-7278-4453-A727-11757B956CBE}.Debug|Any CPU.ActiveCfg = Debug|Any CPU
		{F4E8CDCD-7278-4453-A727-11757B956CBE}.Debug|Any CPU.Build.0 = Debug|Any CPU
		{F4E8CDCD-7278-4453-A727-11757B956CBE}.Release|Any CPU.ActiveCfg = Release|Any CPU
		{F4E8CDCD-7278-4453-A727-11757B956CBE}.Release|Any CPU.Build.0 = Release|Any CPU
		{FB2E636C-2190-4972-846A-CDF1EC0FB64A}.Debug|Any CPU.ActiveCfg = Debug|Any CPU
		{FB2E636C-2190-4972-846A-CDF1EC0FB64A}.Debug|Any CPU.Build.0 = Debug|Any CPU
		{FB2E636C-2190-4972-846A-CDF1EC0FB64A}.Release|Any CPU.ActiveCfg = Release|Any CPU
		{FB2E636C-2190-4972-846A-CDF1EC0FB64A}.Release|Any CPU.Build.0 = Release|Any CPU
		{6D5E952A-CA54-4F20-B945-E7871E3A28F9}.Debug|Any CPU.ActiveCfg = Debug|Any CPU
		{6D5E952A-CA54-4F20-B945-E7871E3A28F9}.Debug|Any CPU.Build.0 = Debug|Any CPU
		{6D5E952A-CA54-4F20-B945-E7871E3A28F9}.Release|Any CPU.ActiveCfg = Release|Any CPU
		{6D5E952A-CA54-4F20-B945-E7871E3A28F9}.Release|Any CPU.Build.0 = Release|Any CPU
		{2629F166-F5F1-49E4-9B57-62544D3E6A77}.Debug|Any CPU.ActiveCfg = Debug|Any CPU
		{2629F166-F5F1-49E4-9B57-62544D3E6A77}.Debug|Any CPU.Build.0 = Debug|Any CPU
		{2629F166-F5F1-49E4-9B57-62544D3E6A77}.Release|Any CPU.ActiveCfg = Release|Any CPU
		{2629F166-F5F1-49E4-9B57-62544D3E6A77}.Release|Any CPU.Build.0 = Release|Any CPU
		{6CC501BE-9E3E-4ECD-B237-57003ACFC363}.Debug|Any CPU.ActiveCfg = Debug|Any CPU
		{6CC501BE-9E3E-4ECD-B237-57003ACFC363}.Debug|Any CPU.Build.0 = Debug|Any CPU
		{6CC501BE-9E3E-4ECD-B237-57003ACFC363}.Release|Any CPU.ActiveCfg = Release|Any CPU
		{6CC501BE-9E3E-4ECD-B237-57003ACFC363}.Release|Any CPU.Build.0 = Release|Any CPU
		{430C85CD-4EC4-4961-90EC-C6D1A025EBEB}.Debug|Any CPU.ActiveCfg = Debug|Any CPU
		{430C85CD-4EC4-4961-90EC-C6D1A025EBEB}.Debug|Any CPU.Build.0 = Debug|Any CPU
		{430C85CD-4EC4-4961-90EC-C6D1A025EBEB}.Release|Any CPU.ActiveCfg = Release|Any CPU
		{430C85CD-4EC4-4961-90EC-C6D1A025EBEB}.Release|Any CPU.Build.0 = Release|Any CPU
		{FDA66BF6-02B0-4292-AB75-815BEA0C64D2}.Debug|Any CPU.ActiveCfg = Debug|Any CPU
		{FDA66BF6-02B0-4292-AB75-815BEA0C64D2}.Debug|Any CPU.Build.0 = Debug|Any CPU
		{FDA66BF6-02B0-4292-AB75-815BEA0C64D2}.Release|Any CPU.ActiveCfg = Release|Any CPU
		{FDA66BF6-02B0-4292-AB75-815BEA0C64D2}.Release|Any CPU.Build.0 = Release|Any CPU
		{98C40F17-9308-4053-8B71-AF9FE168DE04}.Debug|Any CPU.ActiveCfg = Debug|Any CPU
		{98C40F17-9308-4053-8B71-AF9FE168DE04}.Debug|Any CPU.Build.0 = Debug|Any CPU
		{98C40F17-9308-4053-8B71-AF9FE168DE04}.Release|Any CPU.ActiveCfg = Release|Any CPU
		{98C40F17-9308-4053-8B71-AF9FE168DE04}.Release|Any CPU.Build.0 = Release|Any CPU
		{88E06502-BBAB-42B5-B144-A1800B025F94}.Debug|Any CPU.ActiveCfg = Debug|Any CPU
		{88E06502-BBAB-42B5-B144-A1800B025F94}.Debug|Any CPU.Build.0 = Debug|Any CPU
		{88E06502-BBAB-42B5-B144-A1800B025F94}.Release|Any CPU.ActiveCfg = Release|Any CPU
		{88E06502-BBAB-42B5-B144-A1800B025F94}.Release|Any CPU.Build.0 = Release|Any CPU
		{2EC08DF2-1D53-4EF0-B987-1EC9112CF42E}.Debug|Any CPU.ActiveCfg = Debug|Any CPU
		{2EC08DF2-1D53-4EF0-B987-1EC9112CF42E}.Debug|Any CPU.Build.0 = Debug|Any CPU
		{2EC08DF2-1D53-4EF0-B987-1EC9112CF42E}.Release|Any CPU.ActiveCfg = Release|Any CPU
		{2EC08DF2-1D53-4EF0-B987-1EC9112CF42E}.Release|Any CPU.Build.0 = Release|Any CPU
		{E2D40135-FAD7-4C0D-A672-4E96758901A5}.Debug|Any CPU.ActiveCfg = Debug|Any CPU
		{E2D40135-FAD7-4C0D-A672-4E96758901A5}.Debug|Any CPU.Build.0 = Debug|Any CPU
		{E2D40135-FAD7-4C0D-A672-4E96758901A5}.Release|Any CPU.ActiveCfg = Release|Any CPU
		{E2D40135-FAD7-4C0D-A672-4E96758901A5}.Release|Any CPU.Build.0 = Release|Any CPU
		{1ED5BB4C-EBE7-4EF2-8B2C-284B3742EC26}.Debug|Any CPU.ActiveCfg = Debug|Any CPU
		{1ED5BB4C-EBE7-4EF2-8B2C-284B3742EC26}.Debug|Any CPU.Build.0 = Debug|Any CPU
		{1ED5BB4C-EBE7-4EF2-8B2C-284B3742EC26}.Release|Any CPU.ActiveCfg = Release|Any CPU
		{1ED5BB4C-EBE7-4EF2-8B2C-284B3742EC26}.Release|Any CPU.Build.0 = Release|Any CPU
		{30C895A0-277C-4930-A37E-341367D5A8DA}.Debug|Any CPU.ActiveCfg = Debug|Any CPU
		{30C895A0-277C-4930-A37E-341367D5A8DA}.Debug|Any CPU.Build.0 = Debug|Any CPU
		{30C895A0-277C-4930-A37E-341367D5A8DA}.Release|Any CPU.ActiveCfg = Release|Any CPU
		{30C895A0-277C-4930-A37E-341367D5A8DA}.Release|Any CPU.Build.0 = Release|Any CPU
		{A9954F33-D717-4CB6-8BAE-95328D88ACB4}.Debug|Any CPU.ActiveCfg = Debug|Any CPU
		{A9954F33-D717-4CB6-8BAE-95328D88ACB4}.Debug|Any CPU.Build.0 = Debug|Any CPU
		{A9954F33-D717-4CB6-8BAE-95328D88ACB4}.Release|Any CPU.ActiveCfg = Release|Any CPU
		{A9954F33-D717-4CB6-8BAE-95328D88ACB4}.Release|Any CPU.Build.0 = Release|Any CPU
		{541B2B7C-3485-4510-969A-647AB246C8F6}.Debug|Any CPU.ActiveCfg = Debug|Any CPU
		{541B2B7C-3485-4510-969A-647AB246C8F6}.Debug|Any CPU.Build.0 = Debug|Any CPU
		{541B2B7C-3485-4510-969A-647AB246C8F6}.Release|Any CPU.ActiveCfg = Release|Any CPU
		{541B2B7C-3485-4510-969A-647AB246C8F6}.Release|Any CPU.Build.0 = Release|Any CPU
		{C0C9E7BD-7019-4909-B3FF-898BB9FD1939}.Debug|Any CPU.ActiveCfg = Debug|Any CPU
		{C0C9E7BD-7019-4909-B3FF-898BB9FD1939}.Debug|Any CPU.Build.0 = Debug|Any CPU
		{C0C9E7BD-7019-4909-B3FF-898BB9FD1939}.Release|Any CPU.ActiveCfg = Release|Any CPU
		{C0C9E7BD-7019-4909-B3FF-898BB9FD1939}.Release|Any CPU.Build.0 = Release|Any CPU
		{827B7845-1DA9-4569-A5F4-D740A76ACC0D}.Debug|Any CPU.ActiveCfg = Debug|Any CPU
		{827B7845-1DA9-4569-A5F4-D740A76ACC0D}.Debug|Any CPU.Build.0 = Debug|Any CPU
		{827B7845-1DA9-4569-A5F4-D740A76ACC0D}.Release|Any CPU.ActiveCfg = Release|Any CPU
		{827B7845-1DA9-4569-A5F4-D740A76ACC0D}.Release|Any CPU.Build.0 = Release|Any CPU
		{DD8798E7-DDE2-41AF-AC09-B27A96FD94F1}.Debug|Any CPU.ActiveCfg = Debug|Any CPU
		{DD8798E7-DDE2-41AF-AC09-B27A96FD94F1}.Debug|Any CPU.Build.0 = Debug|Any CPU
		{DD8798E7-DDE2-41AF-AC09-B27A96FD94F1}.Release|Any CPU.ActiveCfg = Release|Any CPU
		{DD8798E7-DDE2-41AF-AC09-B27A96FD94F1}.Release|Any CPU.Build.0 = Release|Any CPU
		{9FFCC3B7-D48C-47E7-8030-B233835EC7CE}.Debug|Any CPU.ActiveCfg = Debug|Any CPU
		{9FFCC3B7-D48C-47E7-8030-B233835EC7CE}.Debug|Any CPU.Build.0 = Debug|Any CPU
		{9FFCC3B7-D48C-47E7-8030-B233835EC7CE}.Release|Any CPU.ActiveCfg = Release|Any CPU
		{9FFCC3B7-D48C-47E7-8030-B233835EC7CE}.Release|Any CPU.Build.0 = Release|Any CPU
		{5B3C7384-4EDA-46BC-B336-DCB2A5CE77CC}.Debug|Any CPU.ActiveCfg = Debug|Any CPU
		{5B3C7384-4EDA-46BC-B336-DCB2A5CE77CC}.Debug|Any CPU.Build.0 = Debug|Any CPU
		{5B3C7384-4EDA-46BC-B336-DCB2A5CE77CC}.Release|Any CPU.ActiveCfg = Release|Any CPU
		{5B3C7384-4EDA-46BC-B336-DCB2A5CE77CC}.Release|Any CPU.Build.0 = Release|Any CPU
		{A245286A-509A-48C7-8649-69EB2BC635B9}.Debug|Any CPU.ActiveCfg = Debug|Any CPU
		{A245286A-509A-48C7-8649-69EB2BC635B9}.Debug|Any CPU.Build.0 = Debug|Any CPU
		{A245286A-509A-48C7-8649-69EB2BC635B9}.Release|Any CPU.ActiveCfg = Release|Any CPU
		{A245286A-509A-48C7-8649-69EB2BC635B9}.Release|Any CPU.Build.0 = Release|Any CPU
		{41C3B3E2-E4DC-4923-AA8A-A7EE70613C76}.Debug|Any CPU.ActiveCfg = Debug|Any CPU
		{41C3B3E2-E4DC-4923-AA8A-A7EE70613C76}.Debug|Any CPU.Build.0 = Debug|Any CPU
		{41C3B3E2-E4DC-4923-AA8A-A7EE70613C76}.Release|Any CPU.ActiveCfg = Release|Any CPU
		{41C3B3E2-E4DC-4923-AA8A-A7EE70613C76}.Release|Any CPU.Build.0 = Release|Any CPU
		{793E6BF8-F55B-431D-92B6-7F07F6B94DF7}.Debug|Any CPU.ActiveCfg = Debug|Any CPU
		{793E6BF8-F55B-431D-92B6-7F07F6B94DF7}.Debug|Any CPU.Build.0 = Debug|Any CPU
		{793E6BF8-F55B-431D-92B6-7F07F6B94DF7}.Release|Any CPU.ActiveCfg = Release|Any CPU
		{793E6BF8-F55B-431D-92B6-7F07F6B94DF7}.Release|Any CPU.Build.0 = Release|Any CPU
		{519254D3-DC9B-46A1-8CCC-714126678B70}.Debug|Any CPU.ActiveCfg = Debug|Any CPU
		{519254D3-DC9B-46A1-8CCC-714126678B70}.Debug|Any CPU.Build.0 = Debug|Any CPU
		{519254D3-DC9B-46A1-8CCC-714126678B70}.Release|Any CPU.ActiveCfg = Release|Any CPU
		{519254D3-DC9B-46A1-8CCC-714126678B70}.Release|Any CPU.Build.0 = Release|Any CPU
	EndGlobalSection
	GlobalSection(SolutionProperties) = preSolution
		HideSolutionNode = FALSE
	EndGlobalSection
	GlobalSection(ExtensibilityGlobals) = postSolution
		SolutionGuid = {948ED42E-2F8C-418E-9002-0B67ED758A4B}
	EndGlobalSection
	GlobalSection(SharedMSBuildProjectFiles) = preSolution
		PlanetbaseModUtilities\PlanetbaseModUtilities.projitems*{021003b9-d4fa-432c-97a3-35838f7ca298}*SharedItemsImports = 4
		PlanetbaseModUtilities\PlanetbaseModUtilities.projitems*{0263144f-b6f2-4b18-ba97-ea2754916272}*SharedItemsImports = 4
		PlanetbaseModUtilities\PlanetbaseModUtilities.projitems*{187bfab8-c4b7-4e41-a0e5-80024ada77f3}*SharedItemsImports = 4
		PlanetbaseModUtilities\PlanetbaseModUtilities.projitems*{1ed5bb4c-ebe7-4ef2-8b2c-284b3742ec26}*SharedItemsImports = 4
		PlanetbaseModUtilities\PlanetbaseModUtilities.projitems*{2629f166-f5f1-49e4-9b57-62544d3e6a77}*SharedItemsImports = 4
		PlanetbaseModUtilities\PlanetbaseModUtilities.projitems*{2ec08df2-1d53-4ef0-b987-1ec9112cf42e}*SharedItemsImports = 4
		PlanetbaseModUtilities\PlanetbaseModUtilities.projitems*{30c895a0-277c-4930-a37e-341367d5a8da}*SharedItemsImports = 4
		PlanetbaseModUtilities\PlanetbaseModUtilities.projitems*{3b48152e-774c-451d-a343-0a9406a54580}*SharedItemsImports = 4
		PlanetbaseModUtilities\PlanetbaseModUtilities.projitems*{41c3b3e2-e4dc-4923-aa8a-a7ee70613c76}*SharedItemsImports = 4
		PlanetbaseModUtilities\PlanetbaseModUtilities.projitems*{430c85cd-4ec4-4961-90ec-c6d1a025ebeb}*SharedItemsImports = 4
		PlanetbaseModUtilities\PlanetbaseModUtilities.projitems*{43a65104-4401-476a-ac8a-896c657d24dc}*SharedItemsImports = 4
		PlanetbaseModUtilities\PlanetbaseModUtilities.projitems*{47bf8db9-2c3b-4911-991d-079a71cde2ae}*SharedItemsImports = 4
		PlanetbaseModUtilities\PlanetbaseModUtilities.projitems*{4ea21c07-7aa6-4d3e-ab43-2cb8e7746694}*SharedItemsImports = 4
		PlanetbaseModUtilities\PlanetbaseModUtilities.projitems*{519254d3-dc9b-46a1-8ccc-714126678b70}*SharedItemsImports = 4
		PlanetbaseModUtilities\PlanetbaseModUtilities.projitems*{52a6e010-4378-4438-a5f9-3d5c4f2ace43}*SharedItemsImports = 4
		PlanetbaseModUtilities\PlanetbaseModUtilities.projitems*{541b2b7c-3485-4510-969a-647ab246c8f6}*SharedItemsImports = 4
		PlanetbaseModUtilities\PlanetbaseModUtilities.projitems*{566024a0-0481-4067-9adf-7dc4b7661eb0}*SharedItemsImports = 4
		PlanetbaseModUtilities\PlanetbaseModUtilities.projitems*{5b3c7384-4eda-46bc-b336-dcb2a5ce77cc}*SharedItemsImports = 4
		PlanetbaseModUtilities\PlanetbaseModUtilities.projitems*{6cc501be-9e3e-4ecd-b237-57003acfc363}*SharedItemsImports = 4
		PlanetbaseModUtilities\PlanetbaseModUtilities.projitems*{6d5e952a-ca54-4f20-b945-e7871e3a28f9}*SharedItemsImports = 4
		PlanetbaseModUtilities\PlanetbaseModUtilities.projitems*{6e9dc286-bc62-410f-9821-9688b2791bd2}*SharedItemsImports = 4
		PlanetbaseModUtilities\PlanetbaseModUtilities.projitems*{6f94447c-5a34-4759-a43c-215a6de9e61b}*SharedItemsImports = 4
		PlanetbaseModUtilities\PlanetbaseModUtilities.projitems*{827b7845-1da9-4569-a5f4-d740a76acc0d}*SharedItemsImports = 4
		PlanetbaseModUtilities\PlanetbaseModUtilities.projitems*{8badf58e-54b7-4090-8a1a-6152fb267cf6}*SharedItemsImports = 4
		PlanetbaseModUtilities\PlanetbaseModUtilities.projitems*{90c29248-d03f-4b5b-86b0-d520b89db0be}*SharedItemsImports = 4
		PlanetbaseModUtilities\PlanetbaseModUtilities.projitems*{98c40f17-9308-4053-8b71-af9fe168de04}*SharedItemsImports = 4
		PlanetbaseModUtilities\PlanetbaseModUtilities.projitems*{99acdfa2-8268-4614-a77d-f81e5633be6a}*SharedItemsImports = 4
		PlanetbaseModUtilities\PlanetbaseModUtilities.projitems*{9ffcc3b7-d48c-47e7-8030-b233835ec7ce}*SharedItemsImports = 4
		PlanetbaseModUtilities\PlanetbaseModUtilities.projitems*{a245286a-509a-48c7-8649-69eb2bc635b9}*SharedItemsImports = 4
		PlanetbaseModUtilities\PlanetbaseModUtilities.projitems*{a9954f33-d717-4cb6-8bae-95328d88acb4}*SharedItemsImports = 5
		PlanetbaseModUtilities\PlanetbaseModUtilities.projitems*{be90a61f-78e2-4196-a6c4-0b1896bba55a}*SharedItemsImports = 4
		PlanetbaseModUtilities\PlanetbaseModUtilities.projitems*{c0c9e7bd-7019-4909-b3ff-898bb9fd1939}*SharedItemsImports = 4
		PlanetbaseModUtilities\PlanetbaseModUtilities.projitems*{c31285e4-bc3b-4745-bcfa-7c2cd05147de}*SharedItemsImports = 4
		PlanetbaseModUtilities\PlanetbaseModUtilities.projitems*{dd8798e7-dde2-41af-ac09-b27a96fd94f1}*SharedItemsImports = 4
		PlanetbaseModUtilities\PlanetbaseModUtilities.projitems*{e0143a72-527e-4623-b371-cc53a83e38b4}*SharedItemsImports = 4
		PlanetbaseModUtilities\PlanetbaseModUtilities.projitems*{e2d40135-fad7-4c0d-a672-4e96758901a5}*SharedItemsImports = 4
		PlanetbaseModUtilities\PlanetbaseModUtilities.projitems*{f0512735-204c-4ec9-b48b-d5793b57c618}*SharedItemsImports = 4
		PlanetbaseModUtilities\PlanetbaseModUtilities.projitems*{f4e8cdcd-7278-4453-a727-11757b956cbe}*SharedItemsImports = 4
		PlanetbaseModUtilities\PlanetbaseModUtilities.projitems*{fb2e636c-2190-4972-846a-cdf1ec0fb64a}*SharedItemsImports = 4
		PlanetbaseModUtilities\PlanetbaseModUtilities.projitems*{fda66bf6-02b0-4292-ab75-815bea0c64d2}*SharedItemsImports = 4
	EndGlobalSection
EndGlobal
